// !$*UTF8*$!
{
	archiveVersion = 1;
	classes = {
	};
	objectVersion = 46;
	objects = {

/* Begin PBXBuildFile section */
		6602EB221DA8F4D900AE6055 /* main.m in Sources */ = {isa = PBXBuildFile; fileRef = 6602EB211DA8F4D900AE6055 /* main.m */; };
		6602EB251DA8F4D900AE6055 /* AppDelegate.m in Sources */ = {isa = PBXBuildFile; fileRef = 6602EB241DA8F4D900AE6055 /* AppDelegate.m */; };
		6602EB281DA8F4D900AE6055 /* ViewController.m in Sources */ = {isa = PBXBuildFile; fileRef = 6602EB271DA8F4D900AE6055 /* ViewController.m */; };
		6602EB2B1DA8F4D900AE6055 /* Main.storyboard in Resources */ = {isa = PBXBuildFile; fileRef = 6602EB291DA8F4D900AE6055 /* Main.storyboard */; };
		6602EB2D1DA8F4D900AE6055 /* Assets.xcassets in Resources */ = {isa = PBXBuildFile; fileRef = 6602EB2C1DA8F4D900AE6055 /* Assets.xcassets */; };
		6602EB301DA8F4D900AE6055 /* LaunchScreen.storyboard in Resources */ = {isa = PBXBuildFile; fileRef = 6602EB2E1DA8F4D900AE6055 /* LaunchScreen.storyboard */; };
		6602EB391DA8F4FC00AE6055 /* bg.png in Resources */ = {isa = PBXBuildFile; fileRef = 6602EB381DA8F4FC00AE6055 /* bg.png */; };
		6602EB3F1DA8F5D700AE6055 /* LoginViewController.m in Sources */ = {isa = PBXBuildFile; fileRef = 6602EB3E1DA8F5D700AE6055 /* LoginViewController.m */; };
		6602EB431DA8F8AD00AE6055 /* Logo.png in Resources */ = {isa = PBXBuildFile; fileRef = 6602EB421DA8F8AD00AE6055 /* Logo.png */; };
		6602EB451DA8F8EF00AE6055 /* bg2.png in Resources */ = {isa = PBXBuildFile; fileRef = 6602EB441DA8F8EF00AE6055 /* bg2.png */; };
		6602EB471DA8F93D00AE6055 /* textBg.png in Resources */ = {isa = PBXBuildFile; fileRef = 6602EB461DA8F93D00AE6055 /* textBg.png */; };
/* End PBXBuildFile section */

/* Begin PBXFileReference section */
		6602EB1D1DA8F4D900AE6055 /* MyFirstProject.app */ = {isa = PBXFileReference; explicitFileType = wrapper.application; includeInIndex = 0; path = MyFirstProject.app; sourceTree = BUILT_PRODUCTS_DIR; };
		6602EB211DA8F4D900AE6055 /* main.m */ = {isa = PBXFileReference; lastKnownFileType = sourcecode.c.objc; path = main.m; sourceTree = "<group>"; };
		6602EB231DA8F4D900AE6055 /* AppDelegate.h */ = {isa = PBXFileReference; lastKnownFileType = sourcecode.c.h; path = AppDelegate.h; sourceTree = "<group>"; };
		6602EB241DA8F4D900AE6055 /* AppDelegate.m */ = {isa = PBXFileReference; lastKnownFileType = sourcecode.c.objc; path = AppDelegate.m; sourceTree = "<group>"; };
		6602EB261DA8F4D900AE6055 /* ViewController.h */ = {isa = PBXFileReference; lastKnownFileType = sourcecode.c.h; path = ViewController.h; sourceTree = "<group>"; };
		6602EB271DA8F4D900AE6055 /* ViewController.m */ = {isa = PBXFileReference; lastKnownFileType = sourcecode.c.objc; path = ViewController.m; sourceTree = "<group>"; };
		6602EB2A1DA8F4D900AE6055 /* Base */ = {isa = PBXFileReference; lastKnownFileType = file.storyboard; name = Base; path = Base.lproj/Main.storyboard; sourceTree = "<group>"; };
		6602EB2C1DA8F4D900AE6055 /* Assets.xcassets */ = {isa = PBXFileReference; lastKnownFileType = folder.assetcatalog; path = Assets.xcassets; sourceTree = "<group>"; };
		6602EB2F1DA8F4D900AE6055 /* Base */ = {isa = PBXFileReference; lastKnownFileType = file.storyboard; name = Base; path = Base.lproj/LaunchScreen.storyboard; sourceTree = "<group>"; };
		6602EB311DA8F4D900AE6055 /* Info.plist */ = {isa = PBXFileReference; lastKnownFileType = text.plist.xml; path = Info.plist; sourceTree = "<group>"; };
		6602EB381DA8F4FC00AE6055 /* bg.png */ = {isa = PBXFileReference; lastKnownFileType = image.png; path = bg.png; sourceTree = "<group>"; };
		6602EB3D1DA8F5D700AE6055 /* LoginViewController.h */ = {isa = PBXFileReference; fileEncoding = 4; lastKnownFileType = sourcecode.c.h; path = LoginViewController.h; sourceTree = "<group>"; };
		6602EB3E1DA8F5D700AE6055 /* LoginViewController.m */ = {isa = PBXFileReference; fileEncoding = 4; lastKnownFileType = sourcecode.c.objc; path = LoginViewController.m; sourceTree = "<group>"; };
		6602EB421DA8F8AD00AE6055 /* Logo.png */ = {isa = PBXFileReference; lastKnownFileType = image.png; path = Logo.png; sourceTree = "<group>"; };
		6602EB441DA8F8EF00AE6055 /* bg2.png */ = {isa = PBXFileReference; lastKnownFileType = image.png; path = bg2.png; sourceTree = "<group>"; };
		6602EB461DA8F93D00AE6055 /* textBg.png */ = {isa = PBXFileReference; lastKnownFileType = image.png; path = textBg.png; sourceTree = "<group>"; };
/* End PBXFileReference section */

/* Begin PBXFrameworksBuildPhase section */
		6602EB1A1DA8F4D900AE6055 /* Frameworks */ = {
			isa = PBXFrameworksBuildPhase;
			buildActionMask = 2147483647;
			files = (
			);
			runOnlyForDeploymentPostprocessing = 0;
		};
/* End PBXFrameworksBuildPhase section */

/* Begin PBXGroup section */
		6602EB141DA8F4D900AE6055 = {
			isa = PBXGroup;
			children = (
				6602EB1F1DA8F4D900AE6055 /* MyFirstProject */,
				6602EB1E1DA8F4D900AE6055 /* Products */,
			);
			sourceTree = "<group>";
		};
		6602EB1E1DA8F4D900AE6055 /* Products */ = {
			isa = PBXGroup;
			children = (
				6602EB1D1DA8F4D900AE6055 /* MyFirstProject.app */,
			);
			name = Products;
			sourceTree = "<group>";
		};
		6602EB1F1DA8F4D900AE6055 /* MyFirstProject */ = {
			isa = PBXGroup;
			children = (
				6602EB3A1DA8F54900AE6055 /* Controllers */,
				6602EB371DA8F4EF00AE6055 /* Images */,
				6602EB231DA8F4D900AE6055 /* AppDelegate.h */,
				6602EB241DA8F4D900AE6055 /* AppDelegate.m */,
				6602EB291DA8F4D900AE6055 /* Main.storyboard */,
				6602EB2C1DA8F4D900AE6055 /* Assets.xcassets */,
				6602EB2E1DA8F4D900AE6055 /* LaunchScreen.storyboard */,
				6602EB311DA8F4D900AE6055 /* Info.plist */,
				6602EB201DA8F4D900AE6055 /* Supporting Files */,
			);
			path = MyFirstProject;
			sourceTree = "<group>";
		};
		6602EB201DA8F4D900AE6055 /* Supporting Files */ = {
			isa = PBXGroup;
			children = (
				6602EB211DA8F4D900AE6055 /* main.m */,
			);
			name = "Supporting Files";
			sourceTree = "<group>";
		};
		6602EB371DA8F4EF00AE6055 /* Images */ = {
			isa = PBXGroup;
			children = (
				6602EB461DA8F93D00AE6055 /* textBg.png */,
				6602EB441DA8F8EF00AE6055 /* bg2.png */,
				6602EB421DA8F8AD00AE6055 /* Logo.png */,
				6602EB381DA8F4FC00AE6055 /* bg.png */,
			);
			name = Images;
			sourceTree = "<group>";
		};
		6602EB3A1DA8F54900AE6055 /* Controllers */ = {
			isa = PBXGroup;
			children = (
				6602EB3C1DA8F55A00AE6055 /* Login */,
				6602EB3B1DA8F55300AE6055 /* Home */,
			);
			name = Controllers;
			sourceTree = "<group>";
		};
		6602EB3B1DA8F55300AE6055 /* Home */ = {
			isa = PBXGroup;
			children = (
				6602EB261DA8F4D900AE6055 /* ViewController.h */,
				6602EB271DA8F4D900AE6055 /* ViewController.m */,
			);
			name = Home;
			sourceTree = "<group>";
		};
		6602EB3C1DA8F55A00AE6055 /* Login */ = {
			isa = PBXGroup;
			children = (
				6602EB3D1DA8F5D700AE6055 /* LoginViewController.h */,
				6602EB3E1DA8F5D700AE6055 /* LoginViewController.m */,
			);
			name = Login;
			sourceTree = "<group>";
		};
/* End PBXGroup section */

/* Begin PBXNativeTarget section */
		6602EB1C1DA8F4D900AE6055 /* MyFirstProject */ = {
			isa = PBXNativeTarget;
			buildConfigurationList = 6602EB341DA8F4D900AE6055 /* Build configuration list for PBXNativeTarget "MyFirstProject" */;
			buildPhases = (
				6602EB191DA8F4D900AE6055 /* Sources */,
				6602EB1A1DA8F4D900AE6055 /* Frameworks */,
				6602EB1B1DA8F4D900AE6055 /* Resources */,
			);
			buildRules = (
			);
			dependencies = (
			);
			name = MyFirstProject;
			productName = MyFirstProject;
			productReference = 6602EB1D1DA8F4D900AE6055 /* MyFirstProject.app */;
			productType = "com.apple.product-type.application";
		};
/* End PBXNativeTarget section */

/* Begin PBXProject section */
		6602EB151DA8F4D900AE6055 /* Project object */ = {
			isa = PBXProject;
			attributes = {
				LastUpgradeCheck = 0800;
				ORGANIZATIONNAME = "Ali Karakoç";
				TargetAttributes = {
					6602EB1C1DA8F4D900AE6055 = {
						CreatedOnToolsVersion = 8.0;
						ProvisioningStyle = Automatic;
					};
				};
			};
			buildConfigurationList = 6602EB181DA8F4D900AE6055 /* Build configuration list for PBXProject "MyFirstProject" */;
			compatibilityVersion = "Xcode 3.2";
			developmentRegion = English;
			hasScannedForEncodings = 0;
			knownRegions = (
				en,
				Base,
			);
			mainGroup = 6602EB141DA8F4D900AE6055;
			productRefGroup = 6602EB1E1DA8F4D900AE6055 /* Products */;
			projectDirPath = "";
			projectRoot = "";
			targets = (
				6602EB1C1DA8F4D900AE6055 /* MyFirstProject */,
			);
		};
/* End PBXProject section */

/* Begin PBXResourcesBuildPhase section */
		6602EB1B1DA8F4D900AE6055 /* Resources */ = {
			isa = PBXResourcesBuildPhase;
			buildActionMask = 2147483647;
			files = (
				6602EB301DA8F4D900AE6055 /* LaunchScreen.storyboard in Resources */,
				6602EB2D1DA8F4D900AE6055 /* Assets.xcassets in Resources */,
				6602EB431DA8F8AD00AE6055 /* Logo.png in Resources */,
				6602EB471DA8F93D00AE6055 /* textBg.png in Resources */,
				6602EB451DA8F8EF00AE6055 /* bg2.png in Resources */,
				6602EB391DA8F4FC00AE6055 /* bg.png in Resources */,
				6602EB2B1DA8F4D900AE6055 /* Main.storyboard in Resources */,
			);
			runOnlyForDeploymentPostprocessing = 0;
		};
/* End PBXResourcesBuildPhase section */

/* Begin PBXSourcesBuildPhase section */
		6602EB191DA8F4D900AE6055 /* Sources */ = {
			isa = PBXSourcesBuildPhase;
			buildActionMask = 2147483647;
			files = (
				6602EB3F1DA8F5D700AE6055 /* LoginViewController.m in Sources */,
				6602EB281DA8F4D900AE6055 /* ViewController.m in Sources */,
				6602EB251DA8F4D900AE6055 /* AppDelegate.m in Sources */,
				6602EB221DA8F4D900AE6055 /* main.m in Sources */,
			);
			runOnlyForDeploymentPostprocessing = 0;
		};
/* End PBXSourcesBuildPhase section */

/* Begin PBXVariantGroup section */
		6602EB291DA8F4D900AE6055 /* Main.storyboard */ = {
			isa = PBXVariantGroup;
			children = (
				6602EB2A1DA8F4D900AE6055 /* Base */,
			);
			name = Main.storyboard;
			sourceTree = "<group>";
		};
		6602EB2E1DA8F4D900AE6055 /* LaunchScreen.storyboard */ = {
			isa = PBXVariantGroup;
			children = (
				6602EB2F1DA8F4D900AE6055 /* Base */,
			);
			name = LaunchScreen.storyboard;
			sourceTree = "<group>";
		};
/* End PBXVariantGroup section */

/* Begin XCBuildConfiguration section */
		6602EB321DA8F4D900AE6055 /* Debug */ = {
			isa = XCBuildConfiguration;
			buildSettings = {
				ALWAYS_SEARCH_USER_PATHS = NO;
				CLANG_ANALYZER_NONNULL = YES;
				CLANG_CXX_LANGUAGE_STANDARD = "gnu++0x";
				CLANG_CXX_LIBRARY = "libc++";
				CLANG_ENABLE_MODULES = YES;
				CLANG_ENABLE_OBJC_ARC = YES;
				CLANG_WARN_BOOL_CONVERSION = YES;
				CLANG_WARN_CONSTANT_CONVERSION = YES;
				CLANG_WARN_DIRECT_OBJC_ISA_USAGE = YES_ERROR;
				CLANG_WARN_DOCUMENTATION_COMMENTS = YES;
				CLANG_WARN_EMPTY_BODY = YES;
				CLANG_WARN_ENUM_CONVERSION = YES;
				CLANG_WARN_INFINITE_RECURSION = YES;
				CLANG_WARN_INT_CONVERSION = YES;
				CLANG_WARN_OBJC_ROOT_CLASS = YES_ERROR;
				CLANG_WARN_SUSPICIOUS_MOVES = YES;
				CLANG_WARN_UNREACHABLE_CODE = YES;
				CLANG_WARN__DUPLICATE_METHOD_MATCH = YES;
				"CODE_SIGN_IDENTITY[sdk=iphoneos*]" = "iPhone Developer";
				COPY_PHASE_STRIP = NO;
				DEBUG_INFORMATION_FORMAT = dwarf;
				ENABLE_STRICT_OBJC_MSGSEND = YES;
				ENABLE_TESTABILITY = YES;
				GCC_C_LANGUAGE_STANDARD = gnu99;
				GCC_DYNAMIC_NO_PIC = NO;
				GCC_NO_COMMON_BLOCKS = YES;
				GCC_OPTIMIZATION_LEVEL = 0;
				GCC_PREPROCESSOR_DEFINITIONS = (
					"DEBUG=1",
					"$(inherited)",
				);
				GCC_WARN_64_TO_32_BIT_CONVERSION = YES;
				GCC_WARN_ABOUT_RETURN_TYPE = YES_ERROR;
				GCC_WARN_UNDECLARED_SELECTOR = YES;
				GCC_WARN_UNINITIALIZED_AUTOS = YES_AGGRESSIVE;
				GCC_WARN_UNUSED_FUNCTION = YES;
				GCC_WARN_UNUSED_VARIABLE = YES;
				IPHONEOS_DEPLOYMENT_TARGET = 10.0;
				MTL_ENABLE_DEBUG_INFO = YES;
				ONLY_ACTIVE_ARCH = YES;
				SDKROOT = iphoneos;
			};
			name = Debug;
		};
		6602EB331DA8F4D900AE6055 /* Release */ = {
			isa = XCBuildConfiguration;
			buildSettings = {
				ALWAYS_SEARCH_USER_PATHS = NO;
				CLANG_ANALYZER_NONNULL = YES;
				CLANG_CXX_LANGUAGE_STANDARD = "gnu++0x";
				CLANG_CXX_LIBRARY = "libc++";
				CLANG_ENABLE_MODULES = YES;
				CLANG_ENABLE_OBJC_ARC = YES;
				CLANG_WARN_BOOL_CONVERSION = YES;
				CLANG_WARN_CONSTANT_CONVERSION = YES;
				CLANG_WARN_DIRECT_OBJC_ISA_USAGE = YES_ERROR;
				CLANG_WARN_DOCUMENTATION_COMMENTS = YES;
				CLANG_WARN_EMPTY_BODY = YES;
				CLANG_WARN_ENUM_CONVERSION = YES;
				CLANG_WARN_INFINITE_RECURSION = YES;
				CLANG_WARN_INT_CONVERSION = YES;
				CLANG_WARN_OBJC_ROOT_CLASS = YES_ERROR;
				CLANG_WARN_SUSPICIOUS_MOVES = YES;
				CLANG_WARN_UNREACHABLE_CODE = YES;
				CLANG_WARN__DUPLICATE_METHOD_MATCH = YES;
				"CODE_SIGN_IDENTITY[sdk=iphoneos*]" = "iPhone Developer";
				COPY_PHASE_STRIP = NO;
				DEBUG_INFORMATION_FORMAT = "dwarf-with-dsym";
				ENABLE_NS_ASSERTIONS = NO;
				ENABLE_STRICT_OBJC_MSGSEND = YES;
				GCC_C_LANGUAGE_STANDARD = gnu99;
				GCC_NO_COMMON_BLOCKS = YES;
				GCC_WARN_64_TO_32_BIT_CONVERSION = YES;
				GCC_WARN_ABOUT_RETURN_TYPE = YES_ERROR;
				GCC_WARN_UNDECLARED_SELECTOR = YES;
				GCC_WARN_UNINITIALIZED_AUTOS = YES_AGGRESSIVE;
				GCC_WARN_UNUSED_FUNCTION = YES;
				GCC_WARN_UNUSED_VARIABLE = YES;
				IPHONEOS_DEPLOYMENT_TARGET = 10.0;
				MTL_ENABLE_DEBUG_INFO = NO;
				SDKROOT = iphoneos;
				VALIDATE_PRODUCT = YES;
			};
			name = Release;
		};
		6602EB351DA8F4D900AE6055 /* Debug */ = {
			isa = XCBuildConfiguration;
			buildSettings = {
				ASSETCATALOG_COMPILER_APPICON_NAME = AppIcon;
				INFOPLIST_FILE = MyFirstProject/Info.plist;
				IPHONEOS_DEPLOYMENT_TARGET = 8.0;
				LD_RUNPATH_SEARCH_PATHS = "$(inherited) @executable_path/Frameworks";
				PRODUCT_BUNDLE_IDENTIFIER = com.bykrkc.MyFirstProject;
				PRODUCT_NAME = "$(TARGET_NAME)";
			};
			name = Debug;
		};
		6602EB361DA8F4D900AE6055 /* Release */ = {
			isa = XCBuildConfiguration;
			buildSettings = {
				ASSETCATALOG_COMPILER_APPICON_NAME = AppIcon;
				INFOPLIST_FILE = MyFirstProject/Info.plist;
				IPHONEOS_DEPLOYMENT_TARGET = 8.0;
				LD_RUNPATH_SEARCH_PATHS = "$(inherited) @executable_path/Frameworks";
				PRODUCT_BUNDLE_IDENTIFIER = com.bykrkc.MyFirstProject;
				PRODUCT_NAME = "$(TARGET_NAME)";
			};
			name = Release;
		};
/* End XCBuildConfiguration section */

/* Begin XCConfigurationList section */
		6602EB181DA8F4D900AE6055 /* Build configuration list for PBXProject "MyFirstProject" */ = {
			isa = XCConfigurationList;
			buildConfigurations = (
				6602EB321DA8F4D900AE6055 /* Debug */,
				6602EB331DA8F4D900AE6055 /* Release */,
			);
			defaultConfigurationIsVisible = 0;
			defaultConfigurationName = Release;
		};
		6602EB341DA8F4D900AE6055 /* Build configuration list for PBXNativeTarget "MyFirstProject" */ = {
			isa = XCConfigurationList;
			buildConfigurations = (
				6602EB351DA8F4D900AE6055 /* Debug */,
				6602EB361DA8F4D900AE6055 /* Release */,
			);
			defaultConfigurationIsVisible = 0;
		};
/* End XCConfigurationList section */
	};
	rootObject = 6602EB151DA8F4D900AE6055 /* Project object */;
}
